// !$*UTF8*$!
{
	archiveVersion = 1;
	classes = {
	};
	objectVersion = 50;
	objects = {

/* Begin PBXBuildFile section */
		D800019725FF3C2300B675FC /* PlayingCardView.swift in Sources */ = {isa = PBXBuildFile; fileRef = D800019625FF3C2300B675FC /* PlayingCardView.swift */; };
		D808AAEC25FA263500B3CC61 /* AppDelegate.swift in Sources */ = {isa = PBXBuildFile; fileRef = D808AAEB25FA263500B3CC61 /* AppDelegate.swift */; };
		D808AAEE25FA263500B3CC61 /* SceneDelegate.swift in Sources */ = {isa = PBXBuildFile; fileRef = D808AAED25FA263500B3CC61 /* SceneDelegate.swift */; };
		D808AAF025FA263500B3CC61 /* ViewController.swift in Sources */ = {isa = PBXBuildFile; fileRef = D808AAEF25FA263500B3CC61 /* ViewController.swift */; };
		D808AAF325FA263500B3CC61 /* Main.storyboard in Resources */ = {isa = PBXBuildFile; fileRef = D808AAF125FA263500B3CC61 /* Main.storyboard */; };
		D808AAF525FA263700B3CC61 /* Assets.xcassets in Resources */ = {isa = PBXBuildFile; fileRef = D808AAF425FA263700B3CC61 /* Assets.xcassets */; };
		D808AAF825FA263700B3CC61 /* LaunchScreen.storyboard in Resources */ = {isa = PBXBuildFile; fileRef = D808AAF625FA263700B3CC61 /* LaunchScreen.storyboard */; };
		D8EDBCE325FE7299006B8799 /* PlayingCard.swift in Sources */ = {isa = PBXBuildFile; fileRef = D8EDBCE225FE7299006B8799 /* PlayingCard.swift */; };
		D8EDBCE825FE7324006B8799 /* PlayingCardDeck.swift in Sources */ = {isa = PBXBuildFile; fileRef = D8EDBCE725FE7324006B8799 /* PlayingCardDeck.swift */; };
/* End PBXBuildFile section */

/* Begin PBXFileReference section */
		D800019625FF3C2300B675FC /* PlayingCardView.swift */ = {isa = PBXFileReference; lastKnownFileType = sourcecode.swift; path = PlayingCardView.swift; sourceTree = "<group>"; };
		D808AAE825FA263500B3CC61 /* Plyacard.app */ = {isa = PBXFileReference; explicitFileType = wrapper.application; includeInIndex = 0; path = Plyacard.app; sourceTree = BUILT_PRODUCTS_DIR; };
		D808AAEB25FA263500B3CC61 /* AppDelegate.swift */ = {isa = PBXFileReference; lastKnownFileType = sourcecode.swift; path = AppDelegate.swift; sourceTree = "<group>"; };
		D808AAED25FA263500B3CC61 /* SceneDelegate.swift */ = {isa = PBXFileReference; lastKnownFileType = sourcecode.swift; path = SceneDelegate.swift; sourceTree = "<group>"; };
		D808AAEF25FA263500B3CC61 /* ViewController.swift */ = {isa = PBXFileReference; lastKnownFileType = sourcecode.swift; path = ViewController.swift; sourceTree = "<group>"; };
		D808AAF225FA263500B3CC61 /* Base */ = {isa = PBXFileReference; lastKnownFileType = file.storyboard; name = Base; path = Base.lproj/Main.storyboard; sourceTree = "<group>"; };
		D808AAF425FA263700B3CC61 /* Assets.xcassets */ = {isa = PBXFileReference; lastKnownFileType = folder.assetcatalog; path = Assets.xcassets; sourceTree = "<group>"; };
		D808AAF725FA263700B3CC61 /* Base */ = {isa = PBXFileReference; lastKnownFileType = file.storyboard; name = Base; path = Base.lproj/LaunchScreen.storyboard; sourceTree = "<group>"; };
		D808AAF925FA263700B3CC61 /* Info.plist */ = {isa = PBXFileReference; lastKnownFileType = text.plist.xml; path = Info.plist; sourceTree = "<group>"; };
		D8EDBCE225FE7299006B8799 /* PlayingCard.swift */ = {isa = PBXFileReference; lastKnownFileType = sourcecode.swift; path = PlayingCard.swift; sourceTree = "<group>"; };
		D8EDBCE725FE7324006B8799 /* PlayingCardDeck.swift */ = {isa = PBXFileReference; lastKnownFileType = sourcecode.swift; path = PlayingCardDeck.swift; sourceTree = "<group>"; };
/* End PBXFileReference section */

/* Begin PBXFrameworksBuildPhase section */
		D808AAE525FA263500B3CC61 /* Frameworks */ = {
			isa = PBXFrameworksBuildPhase;
			buildActionMask = 2147483647;
			files = (
			);
			runOnlyForDeploymentPostprocessing = 0;
		};
/* End PBXFrameworksBuildPhase section */

/* Begin PBXGroup section */
		D808AADF25FA263400B3CC61 = {
			isa = PBXGroup;
			children = (
				D808AAEA25FA263500B3CC61 /* Plyacard */,
				D808AAE925FA263500B3CC61 /* Products */,
			);
			sourceTree = "<group>";
		};
		D808AAE925FA263500B3CC61 /* Products */ = {
			isa = PBXGroup;
			children = (
				D808AAE825FA263500B3CC61 /* Plyacard.app */,
			);
			name = Products;
			sourceTree = "<group>";
		};
		D808AAEA25FA263500B3CC61 /* Plyacard */ = {
			isa = PBXGroup;
			children = (
				D808AAEB25FA263500B3CC61 /* AppDelegate.swift */,
				D808AAED25FA263500B3CC61 /* SceneDelegate.swift */,
				D808AAEF25FA263500B3CC61 /* ViewController.swift */,
				D8EDBCE225FE7299006B8799 /* PlayingCard.swift */,
				D800019625FF3C2300B675FC /* PlayingCardView.swift */,
				D808AAF125FA263500B3CC61 /* Main.storyboard */,
				D808AAF425FA263700B3CC61 /* Assets.xcassets */,
				D808AAF625FA263700B3CC61 /* LaunchScreen.storyboard */,
				D8EDBCE725FE7324006B8799 /* PlayingCardDeck.swift */,
				D808AAF925FA263700B3CC61 /* Info.plist */,
			);
			path = Plyacard;
			sourceTree = "<group>";
		};
/* End PBXGroup section */

/* Begin PBXNativeTarget section */
		D808AAE725FA263500B3CC61 /* Plyacard */ = {
			isa = PBXNativeTarget;
			buildConfigurationList = D808AAFC25FA263700B3CC61 /* Build configuration list for PBXNativeTarget "Plyacard" */;
			buildPhases = (
				D808AAE425FA263500B3CC61 /* Sources */,
				D808AAE525FA263500B3CC61 /* Frameworks */,
				D808AAE625FA263500B3CC61 /* Resources */,
			);
			buildRules = (
			);
			dependencies = (
			);
			name = Plyacard;
			productName = Plyacard;
			productReference = D808AAE825FA263500B3CC61 /* Plyacard.app */;
			productType = "com.apple.product-type.application";
		};
/* End PBXNativeTarget section */

/* Begin PBXProject section */
		D808AAE025FA263400B3CC61 /* Project object */ = {
			isa = PBXProject;
			attributes = {
				LastSwiftUpdateCheck = 1230;
				LastUpgradeCheck = 1230;
				TargetAttributes = {
					D808AAE725FA263500B3CC61 = {
						CreatedOnToolsVersion = 12.3;
					};
				};
			};
			buildConfigurationList = D808AAE325FA263400B3CC61 /* Build configuration list for PBXProject "Plyacard" */;
			compatibilityVersion = "Xcode 9.3";
			developmentRegion = en;
			hasScannedForEncodings = 0;
			knownRegions = (
				en,
				Base,
			);
			mainGroup = D808AADF25FA263400B3CC61;
			productRefGroup = D808AAE925FA263500B3CC61 /* Products */;
			projectDirPath = "";
			projectRoot = "";
			targets = (
				D808AAE725FA263500B3CC61 /* Plyacard */,
			);
		};
/* End PBXProject section */

/* Begin PBXResourcesBuildPhase section */
		D808AAE625FA263500B3CC61 /* Resources */ = {
			isa = PBXResourcesBuildPhase;
			buildActionMask = 2147483647;
			files = (
				D808AAF825FA263700B3CC61 /* LaunchScreen.storyboard in Resources */,
				D808AAF525FA263700B3CC61 /* Assets.xcassets in Resources */,
				D808AAF325FA263500B3CC61 /* Main.storyboard in Resources */,
			);
			runOnlyForDeploymentPostprocessing = 0;
		};
/* End PBXResourcesBuildPhase section */

/* Begin PBXSourcesBuildPhase section */
		D808AAE425FA263500B3CC61 /* Sources */ = {
			isa = PBXSourcesBuildPhase;
			buildActionMask = 2147483647;
			files = (
				D808AAF025FA263500B3CC61 /* ViewController.swift in Sources */,
				D800019725FF3C2300B675FC /* PlayingCardView.swift in Sources */,
				D808AAEC25FA263500B3CC61 /* AppDelegate.swift in Sources */,
				D8EDBCE825FE7324006B8799 /* PlayingCardDeck.swift in Sources */,
				D8EDBCE325FE7299006B8799 /* PlayingCard.swift in Sources */,
				D808AAEE25FA263500B3CC61 /* SceneDelegate.swift in Sources */,
			);
			runOnlyForDeploymentPostprocessing = 0;
		};
/* End PBXSourcesBuildPhase section */

/* Begin PBXVariantGroup section */
		D808AAF125FA263500B3CC61 /* Main.storyboard */ = {
			isa = PBXVariantGroup;
			children = (
				D808AAF225FA263500B3CC61 /* Base */,
			);
			name = Main.storyboard;
			sourceTree = "<group>";
		};
		D808AAF625FA263700B3CC61 /* LaunchScreen.storyboard */ = {
			isa = PBXVariantGroup;
			children = (
				D808AAF725FA263700B3CC61 /* Base */,
			);
			name = LaunchScreen.storyboard;
			sourceTree = "<group>";
		};
/* End PBXVariantGroup section */

/* Begin XCBuildConfiguration section */
		D808AAFA25FA263700B3CC61 /* Debug */ = {
			isa = XCBuildConfiguration;
			buildSettings = {
				ALWAYS_SEARCH_USER_PATHS = NO;
				CLANG_ANALYZER_NONNULL = YES;
				CLANG_ANALYZER_NUMBER_OBJECT_CONVERSION = YES_AGGRESSIVE;
				CLANG_CXX_LANGUAGE_STANDARD = "gnu++14";
				CLANG_CXX_LIBRARY = "libc++";
				CLANG_ENABLE_MODULES = YES;
				CLANG_ENABLE_OBJC_ARC = YES;
				CLANG_ENABLE_OBJC_WEAK = YES;
				CLANG_WARN_BLOCK_CAPTURE_AUTORELEASING = YES;
				CLANG_WARN_BOOL_CONVERSION = YES;
				CLANG_WARN_COMMA = YES;
				CLANG_WARN_CONSTANT_CONVERSION = YES;
				CLANG_WARN_DEPRECATED_OBJC_IMPLEMENTATIONS = YES;
				CLANG_WARN_DIRECT_OBJC_ISA_USAGE = YES_ERROR;
				CLANG_WARN_DOCUMENTATION_COMMENTS = YES;
				CLANG_WARN_EMPTY_BODY = YES;
				CLANG_WARN_ENUM_CONVERSION = YES;
				CLANG_WARN_INFINITE_RECURSION = YES;
				CLANG_WARN_INT_CONVERSION = YES;
				CLANG_WARN_NON_LITERAL_NULL_CONVERSION = YES;
				CLANG_WARN_OBJC_IMPLICIT_RETAIN_SELF = YES;
				CLANG_WARN_OBJC_LITERAL_CONVERSION = YES;
				CLANG_WARN_OBJC_ROOT_CLASS = YES_ERROR;
				CLANG_WARN_QUOTED_INCLUDE_IN_FRAMEWORK_HEADER = YES;
				CLANG_WARN_RANGE_LOOP_ANALYSIS = YES;
				CLANG_WARN_STRICT_PROTOTYPES = YES;
				CLANG_WARN_SUSPICIOUS_MOVE = YES;
				CLANG_WARN_UNGUARDED_AVAILABILITY = YES_AGGRESSIVE;
				CLANG_WARN_UNREACHABLE_CODE = YES;
				CLANG_WARN__DUPLICATE_METHOD_MATCH = YES;
				COPY_PHASE_STRIP = NO;
				DEBUG_INFORMATION_FORMAT = dwarf;
				ENABLE_STRICT_OBJC_MSGSEND = YES;
				ENABLE_TESTABILITY = YES;
				GCC_C_LANGUAGE_STANDARD = gnu11;
				GCC_DYNAMIC_NO_PIC = NO;
				GCC_NO_COMMON_BLOCKS = YES;
				GCC_OPTIMIZATION_LEVEL = 0;
				GCC_PREPROCESSOR_DEFINITIONS = (
					"DEBUG=1",
					"$(inherited)",
				);
				GCC_WARN_64_TO_32_BIT_CONVERSION = YES;
				GCC_WARN_ABOUT_RETURN_TYPE = YES_ERROR;
				GCC_WARN_UNDECLARED_SELECTOR = YES;
				GCC_WARN_UNINITIALIZED_AUTOS = YES_AGGRESSIVE;
				GCC_WARN_UNUSED_FUNCTION = YES;
				GCC_WARN_UNUSED_VARIABLE = YES;
				IPHONEOS_DEPLOYMENT_TARGET = 14.3;
				MTL_ENABLE_DEBUG_INFO = INCLUDE_SOURCE;
				MTL_FAST_MATH = YES;
				ONLY_ACTIVE_ARCH = YES;
				SDKROOT = iphoneos;
				SWIFT_ACTIVE_COMPILATION_CONDITIONS = DEBUG;
				SWIFT_OPTIMIZATION_LEVEL = "-Onone";
			};
			name = Debug;
		};
		D808AAFB25FA263700B3CC61 /* Release */ = {
			isa = XCBuildConfiguration;
			buildSettings = {
				ALWAYS_SEARCH_USER_PATHS = NO;
				CLANG_ANALYZER_NONNULL = YES;
				CLANG_ANALYZER_NUMBER_OBJECT_CONVERSION = YES_AGGRESSIVE;
				CLANG_CXX_LANGUAGE_STANDARD = "gnu++14";
				CLANG_CXX_LIBRARY = "libc++";
				CLANG_ENABLE_MODULES = YES;
				CLANG_ENABLE_OBJC_ARC = YES;
				CLANG_ENABLE_OBJC_WEAK = YES;
				CLANG_WARN_BLOCK_CAPTURE_AUTORELEASING = YES;
				CLANG_WARN_BOOL_CONVERSION = YES;
				CLANG_WARN_COMMA = YES;
				CLANG_WARN_CONSTANT_CONVERSION = YES;
				CLANG_WARN_DEPRECATED_OBJC_IMPLEMENTATIONS = YES;
				CLANG_WARN_DIRECT_OBJC_ISA_USAGE = YES_ERROR;
				CLANG_WARN_DOCUMENTATION_COMMENTS = YES;
				CLANG_WARN_EMPTY_BODY = YES;
				CLANG_WARN_ENUM_CONVERSION = YES;
				CLANG_WARN_INFINITE_RECURSION = YES;
				CLANG_WARN_INT_CONVERSION = YES;
				CLANG_WARN_NON_LITERAL_NULL_CONVERSION = YES;
				CLANG_WARN_OBJC_IMPLICIT_RETAIN_SELF = YES;
				CLANG_WARN_OBJC_LITERAL_CONVERSION = YES;
				CLANG_WARN_OBJC_ROOT_CLASS = YES_ERROR;
				CLANG_WARN_QUOTED_INCLUDE_IN_FRAMEWORK_HEADER = YES;
				CLANG_WARN_RANGE_LOOP_ANALYSIS = YES;
				CLANG_WARN_STRICT_PROTOTYPES = YES;
				CLANG_WARN_SUSPICIOUS_MOVE = YES;
				CLANG_WARN_UNGUARDED_AVAILABILITY = YES_AGGRESSIVE;
				CLANG_WARN_UNREACHABLE_CODE = YES;
				CLANG_WARN__DUPLICATE_METHOD_MATCH = YES;
				COPY_PHASE_STRIP = NO;
				DEBUG_INFORMATION_FORMAT = "dwarf-with-dsym";
				ENABLE_NS_ASSERTIONS = NO;
				ENABLE_STRICT_OBJC_MSGSEND = YES;
				GCC_C_LANGUAGE_STANDARD = gnu11;
				GCC_NO_COMMON_BLOCKS = YES;
				GCC_WARN_64_TO_32_BIT_CONVERSION = YES;
				GCC_WARN_ABOUT_RETURN_TYPE = YES_ERROR;
				GCC_WARN_UNDECLARED_SELECTOR = YES;
				GCC_WARN_UNINITIALIZED_AUTOS = YES_AGGRESSIVE;
				GCC_WARN_UNUSED_FUNCTION = YES;
				GCC_WARN_UNUSED_VARIABLE = YES;
				IPHONEOS_DEPLOYMENT_TARGET = 14.3;
				MTL_ENABLE_DEBUG_INFO = NO;
				MTL_FAST_MATH = YES;
				SDKROOT = iphoneos;
				SWIFT_COMPILATION_MODE = wholemodule;
				SWIFT_OPTIMIZATION_LEVEL = "-O";
				VALIDATE_PRODUCT = YES;
			};
			name = Release;
		};
		D808AAFD25FA263700B3CC61 /* Debug */ = {
			isa = XCBuildConfiguration;
			buildSettings = {
				ASSETCATALOG_COMPILER_APPICON_NAME = AppIcon;
				ASSETCATALOG_COMPILER_GLOBAL_ACCENT_COLOR_NAME = AccentColor;
				CODE_SIGN_STYLE = Automatic;
				DEVELOPMENT_TEAM = TGXC6PRMZB;
				INFOPLIST_FILE = Plyacard/Info.plist;
				LD_RUNPATH_SEARCH_PATHS = (
					"$(inherited)",
					"@executable_path/Frameworks",
				);
				PRODUCT_BUNDLE_IDENTIFIER = Allegion.Plyacard;
				PRODUCT_NAME = "$(TARGET_NAME)";
				SWIFT_VERSION = 5.0;
				TARGETED_DEVICE_FAMILY = "1,2";
			};
			name = Debug;
		};
		D808AAFE25FA263700B3CC61 /* Release */ = {
			isa = XCBuildConfiguration;
			buildSettings = {
				ASSETCATALOG_COMPILER_APPICON_NAME = AppIcon;
				ASSETCATALOG_COMPILER_GLOBAL_ACCENT_COLOR_NAME = AccentColor;
				CODE_SIGN_STYLE = Automatic;
				DEVELOPMENT_TEAM = TGXC6PRMZB;
				INFOPLIST_FILE = Plyacard/Info.plist;
				LD_RUNPATH_SEARCH_PATHS = (
					"$(inherited)",
					"@executable_path/Frameworks",
				);
				PRODUCT_BUNDLE_IDENTIFIER = Allegion.Plyacard;
				PRODUCT_NAME = "$(TARGET_NAME)";
				SWIFT_VERSION = 5.0;
				TARGETED_DEVICE_FAMILY = "1,2";
			};
			name = Release;
		};
/* End XCBuildConfiguration section */

/* Begin XCConfigurationList section */
		D808AAE325FA263400B3CC61 /* Build configuration list for PBXProject "Plyacard" */ = {
			isa = XCConfigurationList;
			buildConfigurations = (
				D808AAFA25FA263700B3CC61 /* Debug */,
				D808AAFB25FA263700B3CC61 /* Release */,
			);
			defaultConfigurationIsVisible = 0;
			defaultConfigurationName = Release;
		};
		D808AAFC25FA263700B3CC61 /* Build configuration list for PBXNativeTarget "Plyacard" */ = {
			isa = XCConfigurationList;
			buildConfigurations = (
				D808AAFD25FA263700B3CC61 /* Debug */,
				D808AAFE25FA263700B3CC61 /* Release */,
			);
			defaultConfigurationIsVisible = 0;
			defaultConfigurationName = Release;
		};
/* End XCConfigurationList section */
	};
	rootObject = D808AAE025FA263400B3CC61 /* Project object */;
}
