// !$*UTF8*$!
{
	archiveVersion = 1;
	classes = {
	};
	objectVersion = 50;
	objects = {

/* Begin PBXBuildFile section */
		D8101F0F25C8028600F3F2DC /* AppDelegate.swift in Sources */ = {isa = PBXBuildFile; fileRef = D8101F0E25C8028600F3F2DC /* AppDelegate.swift */; };
		D8101F1125C8028600F3F2DC /* SceneDelegate.swift in Sources */ = {isa = PBXBuildFile; fileRef = D8101F1025C8028600F3F2DC /* SceneDelegate.swift */; };
		D8101F1325C8028600F3F2DC /* ViewController.swift in Sources */ = {isa = PBXBuildFile; fileRef = D8101F1225C8028600F3F2DC /* ViewController.swift */; };
		D8101F1625C8028600F3F2DC /* Main.storyboard in Resources */ = {isa = PBXBuildFile; fileRef = D8101F1425C8028600F3F2DC /* Main.storyboard */; };
		D8101F1825C8028800F3F2DC /* Assets.xcassets in Resources */ = {isa = PBXBuildFile; fileRef = D8101F1725C8028800F3F2DC /* Assets.xcassets */; };
		D8101F1B25C8028800F3F2DC /* LaunchScreen.storyboard in Resources */ = {isa = PBXBuildFile; fileRef = D8101F1925C8028800F3F2DC /* LaunchScreen.storyboard */; };
		D8101F2425C804B000F3F2DC /* DidSelectViewController.swift in Sources */ = {isa = PBXBuildFile; fileRef = D8101F2325C804AF00F3F2DC /* DidSelectViewController.swift */; };
		D8101F3E25C80E0E00F3F2DC /* spain@3x.png in Resources */ = {isa = PBXBuildFile; fileRef = D8101F2625C80E0D00F3F2DC /* spain@3x.png */; };
		D8101F3F25C80E0E00F3F2DC /* uk@2x.png in Resources */ = {isa = PBXBuildFile; fileRef = D8101F2725C80E0D00F3F2DC /* uk@2x.png */; };
		D8101F4025C80E0E00F3F2DC /* poland@3x.png in Resources */ = {isa = PBXBuildFile; fileRef = D8101F2825C80E0D00F3F2DC /* poland@3x.png */; };
		D8101F4125C80E0E00F3F2DC /* us@3x.png in Resources */ = {isa = PBXBuildFile; fileRef = D8101F2925C80E0D00F3F2DC /* us@3x.png */; };
		D8101F4225C80E0E00F3F2DC /* spain@2x.png in Resources */ = {isa = PBXBuildFile; fileRef = D8101F2A25C80E0D00F3F2DC /* spain@2x.png */; };
		D8101F4325C80E0E00F3F2DC /* monaco@2x.png in Resources */ = {isa = PBXBuildFile; fileRef = D8101F2B25C80E0D00F3F2DC /* monaco@2x.png */; };
		D8101F4425C80E0E00F3F2DC /* estonia@2x.png in Resources */ = {isa = PBXBuildFile; fileRef = D8101F2C25C80E0D00F3F2DC /* estonia@2x.png */; };
		D8101F4525C80E0E00F3F2DC /* france@3x.png in Resources */ = {isa = PBXBuildFile; fileRef = D8101F2D25C80E0D00F3F2DC /* france@3x.png */; };
		D8101F4625C80E0E00F3F2DC /* france@2x.png in Resources */ = {isa = PBXBuildFile; fileRef = D8101F2E25C80E0D00F3F2DC /* france@2x.png */; };
		D8101F4725C80E0E00F3F2DC /* nigeria@3x.png in Resources */ = {isa = PBXBuildFile; fileRef = D8101F2F25C80E0D00F3F2DC /* nigeria@3x.png */; };
		D8101F4825C80E0E00F3F2DC /* uk@3x.png in Resources */ = {isa = PBXBuildFile; fileRef = D8101F3025C80E0D00F3F2DC /* uk@3x.png */; };
		D8101F4925C80E0E00F3F2DC /* us@2x.png in Resources */ = {isa = PBXBuildFile; fileRef = D8101F3125C80E0D00F3F2DC /* us@2x.png */; };
		D8101F4A25C80E0E00F3F2DC /* estonia@3x.png in Resources */ = {isa = PBXBuildFile; fileRef = D8101F3225C80E0D00F3F2DC /* estonia@3x.png */; };
		D8101F4B25C80E0E00F3F2DC /* italy@2x.png in Resources */ = {isa = PBXBuildFile; fileRef = D8101F3325C80E0D00F3F2DC /* italy@2x.png */; };
		D8101F4C25C80E0E00F3F2DC /* nigeria@2x.png in Resources */ = {isa = PBXBuildFile; fileRef = D8101F3425C80E0D00F3F2DC /* nigeria@2x.png */; };
		D8101F4D25C80E0E00F3F2DC /* germany@2x.png in Resources */ = {isa = PBXBuildFile; fileRef = D8101F3525C80E0E00F3F2DC /* germany@2x.png */; };
		D8101F4E25C80E0E00F3F2DC /* ireland@2x.png in Resources */ = {isa = PBXBuildFile; fileRef = D8101F3625C80E0E00F3F2DC /* ireland@2x.png */; };
		D8101F4F25C80E0E00F3F2DC /* ireland@3x.png in Resources */ = {isa = PBXBuildFile; fileRef = D8101F3725C80E0E00F3F2DC /* ireland@3x.png */; };
		D8101F5025C80E0E00F3F2DC /* russia@2x.png in Resources */ = {isa = PBXBuildFile; fileRef = D8101F3825C80E0E00F3F2DC /* russia@2x.png */; };
		D8101F5125C80E0E00F3F2DC /* italy@3x.png in Resources */ = {isa = PBXBuildFile; fileRef = D8101F3925C80E0E00F3F2DC /* italy@3x.png */; };
		D8101F5225C80E0E00F3F2DC /* germany@3x.png in Resources */ = {isa = PBXBuildFile; fileRef = D8101F3A25C80E0E00F3F2DC /* germany@3x.png */; };
		D8101F5325C80E0E00F3F2DC /* monaco@3x.png in Resources */ = {isa = PBXBuildFile; fileRef = D8101F3B25C80E0E00F3F2DC /* monaco@3x.png */; };
		D8101F5425C80E0E00F3F2DC /* poland@2x.png in Resources */ = {isa = PBXBuildFile; fileRef = D8101F3C25C80E0E00F3F2DC /* poland@2x.png */; };
		D8101F5525C80E0E00F3F2DC /* russia@3x.png in Resources */ = {isa = PBXBuildFile; fileRef = D8101F3D25C80E0E00F3F2DC /* russia@3x.png */; };
/* End PBXBuildFile section */

/* Begin PBXFileReference section */
		D8101F0B25C8028600F3F2DC /* tableView.app */ = {isa = PBXFileReference; explicitFileType = wrapper.application; includeInIndex = 0; path = tableView.app; sourceTree = BUILT_PRODUCTS_DIR; };
		D8101F0E25C8028600F3F2DC /* AppDelegate.swift */ = {isa = PBXFileReference; lastKnownFileType = sourcecode.swift; path = AppDelegate.swift; sourceTree = "<group>"; };
		D8101F1025C8028600F3F2DC /* SceneDelegate.swift */ = {isa = PBXFileReference; lastKnownFileType = sourcecode.swift; path = SceneDelegate.swift; sourceTree = "<group>"; };
		D8101F1225C8028600F3F2DC /* ViewController.swift */ = {isa = PBXFileReference; lastKnownFileType = sourcecode.swift; path = ViewController.swift; sourceTree = "<group>"; };
		D8101F1525C8028600F3F2DC /* Base */ = {isa = PBXFileReference; lastKnownFileType = file.storyboard; name = Base; path = Base.lproj/Main.storyboard; sourceTree = "<group>"; };
		D8101F1725C8028800F3F2DC /* Assets.xcassets */ = {isa = PBXFileReference; lastKnownFileType = folder.assetcatalog; path = Assets.xcassets; sourceTree = "<group>"; };
		D8101F1A25C8028800F3F2DC /* Base */ = {isa = PBXFileReference; lastKnownFileType = file.storyboard; name = Base; path = Base.lproj/LaunchScreen.storyboard; sourceTree = "<group>"; };
		D8101F1C25C8028800F3F2DC /* Info.plist */ = {isa = PBXFileReference; lastKnownFileType = text.plist.xml; path = Info.plist; sourceTree = "<group>"; };
		D8101F2325C804AF00F3F2DC /* DidSelectViewController.swift */ = {isa = PBXFileReference; lastKnownFileType = sourcecode.swift; path = DidSelectViewController.swift; sourceTree = "<group>"; };
		D8101F2625C80E0D00F3F2DC /* spain@3x.png */ = {isa = PBXFileReference; lastKnownFileType = image.png; path = "spain@3x.png"; sourceTree = "<group>"; };
		D8101F2725C80E0D00F3F2DC /* uk@2x.png */ = {isa = PBXFileReference; lastKnownFileType = image.png; path = "uk@2x.png"; sourceTree = "<group>"; };
		D8101F2825C80E0D00F3F2DC /* poland@3x.png */ = {isa = PBXFileReference; lastKnownFileType = image.png; path = "poland@3x.png"; sourceTree = "<group>"; };
		D8101F2925C80E0D00F3F2DC /* us@3x.png */ = {isa = PBXFileReference; lastKnownFileType = image.png; path = "us@3x.png"; sourceTree = "<group>"; };
		D8101F2A25C80E0D00F3F2DC /* spain@2x.png */ = {isa = PBXFileReference; lastKnownFileType = image.png; path = "spain@2x.png"; sourceTree = "<group>"; };
		D8101F2B25C80E0D00F3F2DC /* monaco@2x.png */ = {isa = PBXFileReference; lastKnownFileType = image.png; path = "monaco@2x.png"; sourceTree = "<group>"; };
		D8101F2C25C80E0D00F3F2DC /* estonia@2x.png */ = {isa = PBXFileReference; lastKnownFileType = image.png; path = "estonia@2x.png"; sourceTree = "<group>"; };
		D8101F2D25C80E0D00F3F2DC /* france@3x.png */ = {isa = PBXFileReference; lastKnownFileType = image.png; path = "france@3x.png"; sourceTree = "<group>"; };
		D8101F2E25C80E0D00F3F2DC /* france@2x.png */ = {isa = PBXFileReference; lastKnownFileType = image.png; path = "france@2x.png"; sourceTree = "<group>"; };
		D8101F2F25C80E0D00F3F2DC /* nigeria@3x.png */ = {isa = PBXFileReference; lastKnownFileType = image.png; path = "nigeria@3x.png"; sourceTree = "<group>"; };
		D8101F3025C80E0D00F3F2DC /* uk@3x.png */ = {isa = PBXFileReference; lastKnownFileType = image.png; path = "uk@3x.png"; sourceTree = "<group>"; };
		D8101F3125C80E0D00F3F2DC /* us@2x.png */ = {isa = PBXFileReference; lastKnownFileType = image.png; path = "us@2x.png"; sourceTree = "<group>"; };
		D8101F3225C80E0D00F3F2DC /* estonia@3x.png */ = {isa = PBXFileReference; lastKnownFileType = image.png; path = "estonia@3x.png"; sourceTree = "<group>"; };
		D8101F3325C80E0D00F3F2DC /* italy@2x.png */ = {isa = PBXFileReference; lastKnownFileType = image.png; path = "italy@2x.png"; sourceTree = "<group>"; };
		D8101F3425C80E0D00F3F2DC /* nigeria@2x.png */ = {isa = PBXFileReference; lastKnownFileType = image.png; path = "nigeria@2x.png"; sourceTree = "<group>"; };
		D8101F3525C80E0E00F3F2DC /* germany@2x.png */ = {isa = PBXFileReference; lastKnownFileType = image.png; path = "germany@2x.png"; sourceTree = "<group>"; };
		D8101F3625C80E0E00F3F2DC /* ireland@2x.png */ = {isa = PBXFileReference; lastKnownFileType = image.png; path = "ireland@2x.png"; sourceTree = "<group>"; };
		D8101F3725C80E0E00F3F2DC /* ireland@3x.png */ = {isa = PBXFileReference; lastKnownFileType = image.png; path = "ireland@3x.png"; sourceTree = "<group>"; };
		D8101F3825C80E0E00F3F2DC /* russia@2x.png */ = {isa = PBXFileReference; lastKnownFileType = image.png; path = "russia@2x.png"; sourceTree = "<group>"; };
		D8101F3925C80E0E00F3F2DC /* italy@3x.png */ = {isa = PBXFileReference; lastKnownFileType = image.png; path = "italy@3x.png"; sourceTree = "<group>"; };
		D8101F3A25C80E0E00F3F2DC /* germany@3x.png */ = {isa = PBXFileReference; lastKnownFileType = image.png; path = "germany@3x.png"; sourceTree = "<group>"; };
		D8101F3B25C80E0E00F3F2DC /* monaco@3x.png */ = {isa = PBXFileReference; lastKnownFileType = image.png; path = "monaco@3x.png"; sourceTree = "<group>"; };
		D8101F3C25C80E0E00F3F2DC /* poland@2x.png */ = {isa = PBXFileReference; lastKnownFileType = image.png; path = "poland@2x.png"; sourceTree = "<group>"; };
		D8101F3D25C80E0E00F3F2DC /* russia@3x.png */ = {isa = PBXFileReference; lastKnownFileType = image.png; path = "russia@3x.png"; sourceTree = "<group>"; };
/* End PBXFileReference section */

/* Begin PBXFrameworksBuildPhase section */
		D8101F0825C8028600F3F2DC /* Frameworks */ = {
			isa = PBXFrameworksBuildPhase;
			buildActionMask = 2147483647;
			files = (
			);
			runOnlyForDeploymentPostprocessing = 0;
		};
/* End PBXFrameworksBuildPhase section */

/* Begin PBXGroup section */
		D8101F0225C8028600F3F2DC = {
			isa = PBXGroup;
			children = (
				D8101F0D25C8028600F3F2DC /* tableView */,
				D8101F0C25C8028600F3F2DC /* Products */,
			);
			sourceTree = "<group>";
		};
		D8101F0C25C8028600F3F2DC /* Products */ = {
			isa = PBXGroup;
			children = (
				D8101F0B25C8028600F3F2DC /* tableView.app */,
			);
			name = Products;
			sourceTree = "<group>";
		};
		D8101F0D25C8028600F3F2DC /* tableView */ = {
			isa = PBXGroup;
			children = (
				D8101F0E25C8028600F3F2DC /* AppDelegate.swift */,
				D8101F1025C8028600F3F2DC /* SceneDelegate.swift */,
				D8101F1225C8028600F3F2DC /* ViewController.swift */,
				D8101F2325C804AF00F3F2DC /* DidSelectViewController.swift */,
				D8101F1425C8028600F3F2DC /* Main.storyboard */,
				D8101F1725C8028800F3F2DC /* Assets.xcassets */,
				D8101F1925C8028800F3F2DC /* LaunchScreen.storyboard */,
				D8101F1C25C8028800F3F2DC /* Info.plist */,
				D8101F2C25C80E0D00F3F2DC /* estonia@2x.png */,
				D8101F3225C80E0D00F3F2DC /* estonia@3x.png */,
				D8101F2E25C80E0D00F3F2DC /* france@2x.png */,
				D8101F2D25C80E0D00F3F2DC /* france@3x.png */,
				D8101F3525C80E0E00F3F2DC /* germany@2x.png */,
				D8101F3A25C80E0E00F3F2DC /* germany@3x.png */,
				D8101F3625C80E0E00F3F2DC /* ireland@2x.png */,
				D8101F3725C80E0E00F3F2DC /* ireland@3x.png */,
				D8101F3325C80E0D00F3F2DC /* italy@2x.png */,
				D8101F3925C80E0E00F3F2DC /* italy@3x.png */,
				D8101F2B25C80E0D00F3F2DC /* monaco@2x.png */,
				D8101F3B25C80E0E00F3F2DC /* monaco@3x.png */,
				D8101F3425C80E0D00F3F2DC /* nigeria@2x.png */,
				D8101F2F25C80E0D00F3F2DC /* nigeria@3x.png */,
				D8101F3C25C80E0E00F3F2DC /* poland@2x.png */,
				D8101F2825C80E0D00F3F2DC /* poland@3x.png */,
				D8101F3825C80E0E00F3F2DC /* russia@2x.png */,
				D8101F3D25C80E0E00F3F2DC /* russia@3x.png */,
				D8101F2A25C80E0D00F3F2DC /* spain@2x.png */,
				D8101F2625C80E0D00F3F2DC /* spain@3x.png */,
				D8101F2725C80E0D00F3F2DC /* uk@2x.png */,
				D8101F3025C80E0D00F3F2DC /* uk@3x.png */,
				D8101F3125C80E0D00F3F2DC /* us@2x.png */,
				D8101F2925C80E0D00F3F2DC /* us@3x.png */,
			);
			path = tableView;
			sourceTree = "<group>";
		};
/* End PBXGroup section */

/* Begin PBXNativeTarget section */
		D8101F0A25C8028600F3F2DC /* tableView */ = {
			isa = PBXNativeTarget;
			buildConfigurationList = D8101F1F25C8028800F3F2DC /* Build configuration list for PBXNativeTarget "tableView" */;
			buildPhases = (
				D8101F0725C8028600F3F2DC /* Sources */,
				D8101F0825C8028600F3F2DC /* Frameworks */,
				D8101F0925C8028600F3F2DC /* Resources */,
			);
			buildRules = (
			);
			dependencies = (
			);
			name = tableView;
			productName = tableView;
			productReference = D8101F0B25C8028600F3F2DC /* tableView.app */;
			productType = "com.apple.product-type.application";
		};
/* End PBXNativeTarget section */

/* Begin PBXProject section */
		D8101F0325C8028600F3F2DC /* Project object */ = {
			isa = PBXProject;
			attributes = {
				LastSwiftUpdateCheck = 1230;
				LastUpgradeCheck = 1230;
				TargetAttributes = {
					D8101F0A25C8028600F3F2DC = {
						CreatedOnToolsVersion = 12.3;
					};
				};
			};
			buildConfigurationList = D8101F0625C8028600F3F2DC /* Build configuration list for PBXProject "tableView" */;
			compatibilityVersion = "Xcode 9.3";
			developmentRegion = en;
			hasScannedForEncodings = 0;
			knownRegions = (
				en,
				Base,
			);
			mainGroup = D8101F0225C8028600F3F2DC;
			productRefGroup = D8101F0C25C8028600F3F2DC /* Products */;
			projectDirPath = "";
			projectRoot = "";
			targets = (
				D8101F0A25C8028600F3F2DC /* tableView */,
			);
		};
/* End PBXProject section */

/* Begin PBXResourcesBuildPhase section */
		D8101F0925C8028600F3F2DC /* Resources */ = {
			isa = PBXResourcesBuildPhase;
			buildActionMask = 2147483647;
			files = (
				D8101F4C25C80E0E00F3F2DC /* nigeria@2x.png in Resources */,
				D8101F4425C80E0E00F3F2DC /* estonia@2x.png in Resources */,
				D8101F5425C80E0E00F3F2DC /* poland@2x.png in Resources */,
				D8101F1B25C8028800F3F2DC /* LaunchScreen.storyboard in Resources */,
				D8101F4125C80E0E00F3F2DC /* us@3x.png in Resources */,
				D8101F4925C80E0E00F3F2DC /* us@2x.png in Resources */,
				D8101F5125C80E0E00F3F2DC /* italy@3x.png in Resources */,
				D8101F4F25C80E0E00F3F2DC /* ireland@3x.png in Resources */,
				D8101F3E25C80E0E00F3F2DC /* spain@3x.png in Resources */,
				D8101F4325C80E0E00F3F2DC /* monaco@2x.png in Resources */,
				D8101F4625C80E0E00F3F2DC /* france@2x.png in Resources */,
				D8101F5025C80E0E00F3F2DC /* russia@2x.png in Resources */,
				D8101F1825C8028800F3F2DC /* Assets.xcassets in Resources */,
				D8101F4225C80E0E00F3F2DC /* spain@2x.png in Resources */,
				D8101F3F25C80E0E00F3F2DC /* uk@2x.png in Resources */,
				D8101F4B25C80E0E00F3F2DC /* italy@2x.png in Resources */,
				D8101F5525C80E0E00F3F2DC /* russia@3x.png in Resources */,
				D8101F5225C80E0E00F3F2DC /* germany@3x.png in Resources */,
				D8101F1625C8028600F3F2DC /* Main.storyboard in Resources */,
				D8101F4525C80E0E00F3F2DC /* france@3x.png in Resources */,
				D8101F4825C80E0E00F3F2DC /* uk@3x.png in Resources */,
				D8101F4725C80E0E00F3F2DC /* nigeria@3x.png in Resources */,
				D8101F4025C80E0E00F3F2DC /* poland@3x.png in Resources */,
				D8101F4A25C80E0E00F3F2DC /* estonia@3x.png in Resources */,
				D8101F4E25C80E0E00F3F2DC /* ireland@2x.png in Resources */,
				D8101F5325C80E0E00F3F2DC /* monaco@3x.png in Resources */,
				D8101F4D25C80E0E00F3F2DC /* germany@2x.png in Resources */,
			);
			runOnlyForDeploymentPostprocessing = 0;
		};
/* End PBXResourcesBuildPhase section */

/* Begin PBXSourcesBuildPhase section */
		D8101F0725C8028600F3F2DC /* Sources */ = {
			isa = PBXSourcesBuildPhase;
			buildActionMask = 2147483647;
			files = (
				D8101F2425C804B000F3F2DC /* DidSelectViewController.swift in Sources */,
				D8101F1325C8028600F3F2DC /* ViewController.swift in Sources */,
				D8101F0F25C8028600F3F2DC /* AppDelegate.swift in Sources */,
				D8101F1125C8028600F3F2DC /* SceneDelegate.swift in Sources */,
			);
			runOnlyForDeploymentPostprocessing = 0;
		};
/* End PBXSourcesBuildPhase section */

/* Begin PBXVariantGroup section */
		D8101F1425C8028600F3F2DC /* Main.storyboard */ = {
			isa = PBXVariantGroup;
			children = (
				D8101F1525C8028600F3F2DC /* Base */,
			);
			name = Main.storyboard;
			sourceTree = "<group>";
		};
		D8101F1925C8028800F3F2DC /* LaunchScreen.storyboard */ = {
			isa = PBXVariantGroup;
			children = (
				D8101F1A25C8028800F3F2DC /* Base */,
			);
			name = LaunchScreen.storyboard;
			sourceTree = "<group>";
		};
/* End PBXVariantGroup section */

/* Begin XCBuildConfiguration section */
		D8101F1D25C8028800F3F2DC /* Debug */ = {
			isa = XCBuildConfiguration;
			buildSettings = {
				ALWAYS_SEARCH_USER_PATHS = NO;
				CLANG_ANALYZER_NONNULL = YES;
				CLANG_ANALYZER_NUMBER_OBJECT_CONVERSION = YES_AGGRESSIVE;
				CLANG_CXX_LANGUAGE_STANDARD = "gnu++14";
				CLANG_CXX_LIBRARY = "libc++";
				CLANG_ENABLE_MODULES = YES;
				CLANG_ENABLE_OBJC_ARC = YES;
				CLANG_ENABLE_OBJC_WEAK = YES;
				CLANG_WARN_BLOCK_CAPTURE_AUTORELEASING = YES;
				CLANG_WARN_BOOL_CONVERSION = YES;
				CLANG_WARN_COMMA = YES;
				CLANG_WARN_CONSTANT_CONVERSION = YES;
				CLANG_WARN_DEPRECATED_OBJC_IMPLEMENTATIONS = YES;
				CLANG_WARN_DIRECT_OBJC_ISA_USAGE = YES_ERROR;
				CLANG_WARN_DOCUMENTATION_COMMENTS = YES;
				CLANG_WARN_EMPTY_BODY = YES;
				CLANG_WARN_ENUM_CONVERSION = YES;
				CLANG_WARN_INFINITE_RECURSION = YES;
				CLANG_WARN_INT_CONVERSION = YES;
				CLANG_WARN_NON_LITERAL_NULL_CONVERSION = YES;
				CLANG_WARN_OBJC_IMPLICIT_RETAIN_SELF = YES;
				CLANG_WARN_OBJC_LITERAL_CONVERSION = YES;
				CLANG_WARN_OBJC_ROOT_CLASS = YES_ERROR;
				CLANG_WARN_QUOTED_INCLUDE_IN_FRAMEWORK_HEADER = YES;
				CLANG_WARN_RANGE_LOOP_ANALYSIS = YES;
				CLANG_WARN_STRICT_PROTOTYPES = YES;
				CLANG_WARN_SUSPICIOUS_MOVE = YES;
				CLANG_WARN_UNGUARDED_AVAILABILITY = YES_AGGRESSIVE;
				CLANG_WARN_UNREACHABLE_CODE = YES;
				CLANG_WARN__DUPLICATE_METHOD_MATCH = YES;
				COPY_PHASE_STRIP = NO;
				DEBUG_INFORMATION_FORMAT = dwarf;
				ENABLE_STRICT_OBJC_MSGSEND = YES;
				ENABLE_TESTABILITY = YES;
				GCC_C_LANGUAGE_STANDARD = gnu11;
				GCC_DYNAMIC_NO_PIC = NO;
				GCC_NO_COMMON_BLOCKS = YES;
				GCC_OPTIMIZATION_LEVEL = 0;
				GCC_PREPROCESSOR_DEFINITIONS = (
					"DEBUG=1",
					"$(inherited)",
				);
				GCC_WARN_64_TO_32_BIT_CONVERSION = YES;
				GCC_WARN_ABOUT_RETURN_TYPE = YES_ERROR;
				GCC_WARN_UNDECLARED_SELECTOR = YES;
				GCC_WARN_UNINITIALIZED_AUTOS = YES_AGGRESSIVE;
				GCC_WARN_UNUSED_FUNCTION = YES;
				GCC_WARN_UNUSED_VARIABLE = YES;
				IPHONEOS_DEPLOYMENT_TARGET = 14.3;
				MTL_ENABLE_DEBUG_INFO = INCLUDE_SOURCE;
				MTL_FAST_MATH = YES;
				ONLY_ACTIVE_ARCH = YES;
				SDKROOT = iphoneos;
				SWIFT_ACTIVE_COMPILATION_CONDITIONS = DEBUG;
				SWIFT_OPTIMIZATION_LEVEL = "-Onone";
			};
			name = Debug;
		};
		D8101F1E25C8028800F3F2DC /* Release */ = {
			isa = XCBuildConfiguration;
			buildSettings = {
				ALWAYS_SEARCH_USER_PATHS = NO;
				CLANG_ANALYZER_NONNULL = YES;
				CLANG_ANALYZER_NUMBER_OBJECT_CONVERSION = YES_AGGRESSIVE;
				CLANG_CXX_LANGUAGE_STANDARD = "gnu++14";
				CLANG_CXX_LIBRARY = "libc++";
				CLANG_ENABLE_MODULES = YES;
				CLANG_ENABLE_OBJC_ARC = YES;
				CLANG_ENABLE_OBJC_WEAK = YES;
				CLANG_WARN_BLOCK_CAPTURE_AUTORELEASING = YES;
				CLANG_WARN_BOOL_CONVERSION = YES;
				CLANG_WARN_COMMA = YES;
				CLANG_WARN_CONSTANT_CONVERSION = YES;
				CLANG_WARN_DEPRECATED_OBJC_IMPLEMENTATIONS = YES;
				CLANG_WARN_DIRECT_OBJC_ISA_USAGE = YES_ERROR;
				CLANG_WARN_DOCUMENTATION_COMMENTS = YES;
				CLANG_WARN_EMPTY_BODY = YES;
				CLANG_WARN_ENUM_CONVERSION = YES;
				CLANG_WARN_INFINITE_RECURSION = YES;
				CLANG_WARN_INT_CONVERSION = YES;
				CLANG_WARN_NON_LITERAL_NULL_CONVERSION = YES;
				CLANG_WARN_OBJC_IMPLICIT_RETAIN_SELF = YES;
				CLANG_WARN_OBJC_LITERAL_CONVERSION = YES;
				CLANG_WARN_OBJC_ROOT_CLASS = YES_ERROR;
				CLANG_WARN_QUOTED_INCLUDE_IN_FRAMEWORK_HEADER = YES;
				CLANG_WARN_RANGE_LOOP_ANALYSIS = YES;
				CLANG_WARN_STRICT_PROTOTYPES = YES;
				CLANG_WARN_SUSPICIOUS_MOVE = YES;
				CLANG_WARN_UNGUARDED_AVAILABILITY = YES_AGGRESSIVE;
				CLANG_WARN_UNREACHABLE_CODE = YES;
				CLANG_WARN__DUPLICATE_METHOD_MATCH = YES;
				COPY_PHASE_STRIP = NO;
				DEBUG_INFORMATION_FORMAT = "dwarf-with-dsym";
				ENABLE_NS_ASSERTIONS = NO;
				ENABLE_STRICT_OBJC_MSGSEND = YES;
				GCC_C_LANGUAGE_STANDARD = gnu11;
				GCC_NO_COMMON_BLOCKS = YES;
				GCC_WARN_64_TO_32_BIT_CONVERSION = YES;
				GCC_WARN_ABOUT_RETURN_TYPE = YES_ERROR;
				GCC_WARN_UNDECLARED_SELECTOR = YES;
				GCC_WARN_UNINITIALIZED_AUTOS = YES_AGGRESSIVE;
				GCC_WARN_UNUSED_FUNCTION = YES;
				GCC_WARN_UNUSED_VARIABLE = YES;
				IPHONEOS_DEPLOYMENT_TARGET = 14.3;
				MTL_ENABLE_DEBUG_INFO = NO;
				MTL_FAST_MATH = YES;
				SDKROOT = iphoneos;
				SWIFT_COMPILATION_MODE = wholemodule;
				SWIFT_OPTIMIZATION_LEVEL = "-O";
				VALIDATE_PRODUCT = YES;
			};
			name = Release;
		};
		D8101F2025C8028800F3F2DC /* Debug */ = {
			isa = XCBuildConfiguration;
			buildSettings = {
				ASSETCATALOG_COMPILER_APPICON_NAME = AppIcon;
				ASSETCATALOG_COMPILER_GLOBAL_ACCENT_COLOR_NAME = AccentColor;
				CODE_SIGN_STYLE = Automatic;
				DEVELOPMENT_TEAM = TGXC6PRMZB;
				INFOPLIST_FILE = tableView/Info.plist;
				LD_RUNPATH_SEARCH_PATHS = (
					"$(inherited)",
					"@executable_path/Frameworks",
				);
				PRODUCT_BUNDLE_IDENTIFIER = Allegion.tableView;
				PRODUCT_NAME = "$(TARGET_NAME)";
				SWIFT_VERSION = 5.0;
				TARGETED_DEVICE_FAMILY = "1,2";
			};
			name = Debug;
		};
		D8101F2125C8028800F3F2DC /* Release */ = {
			isa = XCBuildConfiguration;
			buildSettings = {
				ASSETCATALOG_COMPILER_APPICON_NAME = AppIcon;
				ASSETCATALOG_COMPILER_GLOBAL_ACCENT_COLOR_NAME = AccentColor;
				CODE_SIGN_STYLE = Automatic;
				DEVELOPMENT_TEAM = TGXC6PRMZB;
				INFOPLIST_FILE = tableView/Info.plist;
				LD_RUNPATH_SEARCH_PATHS = (
					"$(inherited)",
					"@executable_path/Frameworks",
				);
				PRODUCT_BUNDLE_IDENTIFIER = Allegion.tableView;
				PRODUCT_NAME = "$(TARGET_NAME)";
				SWIFT_VERSION = 5.0;
				TARGETED_DEVICE_FAMILY = "1,2";
			};
			name = Release;
		};
/* End XCBuildConfiguration section */

/* Begin XCConfigurationList section */
		D8101F0625C8028600F3F2DC /* Build configuration list for PBXProject "tableView" */ = {
			isa = XCConfigurationList;
			buildConfigurations = (
				D8101F1D25C8028800F3F2DC /* Debug */,
				D8101F1E25C8028800F3F2DC /* Release */,
			);
			defaultConfigurationIsVisible = 0;
			defaultConfigurationName = Release;
		};
		D8101F1F25C8028800F3F2DC /* Build configuration list for PBXNativeTarget "tableView" */ = {
			isa = XCConfigurationList;
			buildConfigurations = (
				D8101F2025C8028800F3F2DC /* Debug */,
				D8101F2125C8028800F3F2DC /* Release */,
			);
			defaultConfigurationIsVisible = 0;
			defaultConfigurationName = Release;
		};
/* End XCConfigurationList section */
	};
	rootObject = D8101F0325C8028600F3F2DC /* Project object */;
}
